
Microsoft Visual Studio Solution File, Format Version 12.00
# Visual Studio 15
VisualStudioVersion = 15.0.27130.2024
MinimumVisualStudioVersion = 10.0.40219.1
Project("{FAE04EC0-301F-11D3-BF4B-00C04F79EFBC}") = "Ham2.Security", "Ham2.Security\Ham2.Security.csproj", "{47CE079F-99ED-4725-B99B-AAE496DEADF0}"
EndProject
Project("{FAE04EC0-301F-11D3-BF4B-00C04F79EFBC}") = "Ham2", "Ham2\Ham2.csproj", "{77D0FD65-0D11-4139-922B-527BFEDF08AE}"
EndProject
Project("{FAE04EC0-301F-11D3-BF4B-00C04F79EFBC}") = "HashTest", "HashTest\HashTest.csproj", "{28C275F5-0CFE-48C0-9E0C-261062D43439}"
EndProject
Global
	GlobalSection(SolutionConfigurationPlatforms) = preSolution
		Debug|Any CPU = Debug|Any CPU
		Release|Any CPU = Release|Any CPU
	EndGlobalSection
	GlobalSection(ProjectConfigurationPlatforms) = postSolution
		{47CE079F-99ED-4725-B99B-AAE496DEADF0}.Debug|Any CPU.ActiveCfg = Debug|Any CPU
		{47CE079F-99ED-4725-B99B-AAE496DEADF0}.Debug|Any CPU.Build.0 = Debug|Any CPU
		{47CE079F-99ED-4725-B99B-AAE496DEADF0}.Release|Any CPU.ActiveCfg = Release|Any CPU
		{47CE079F-99ED-4725-B99B-AAE496DEADF0}.Release|Any CPU.Build.0 = Release|Any CPU
		{77D0FD65-0D11-4139-922B-527BFEDF08AE}.Debug|Any CPU.ActiveCfg = Debug|Any CPU
		{77D0FD65-0D11-4139-922B-527BFEDF08AE}.Debug|Any CPU.Build.0 = Debug|Any CPU
		{77D0FD65-0D11-4139-922B-527BFEDF08AE}.Release|Any CPU.ActiveCfg = Release|Any CPU
		{77D0FD65-0D11-4139-922B-527BFEDF08AE}.Release|Any CPU.Build.0 = Release|Any CPU
		{28C275F5-0CFE-48C0-9E0C-261062D43439}.Debug|Any CPU.ActiveCfg = Debug|Any CPU
		{28C275F5-0CFE-48C0-9E0C-261062D43439}.Debug|Any CPU.Build.0 = Debug|Any CPU
		{28C275F5-0CFE-48C0-9E0C-261062D43439}.Release|Any CPU.ActiveCfg = Release|Any CPU
		{28C275F5-0CFE-48C0-9E0C-261062D43439}.Release|Any CPU.Build.0 = Release|Any CPU
	EndGlobalSection
	GlobalSection(SolutionProperties) = preSolution
		HideSolutionNode = FALSE
	EndGlobalSection
	GlobalSection(ExtensibilityGlobals) = postSolution
		SolutionGuid = {41AC8B3E-7DF3-4E8D-9E6D-47E67AEBCB78}
	EndGlobalSection
EndGlobal
